{
  "version": 3,
  "mopsTomlDepsHash": "a906e3a43ec18eebb2aa02d5f6e22e612a3ef02e4607febb7ab2febd1c235763",
  "deps": {
    "base": "0.12.1",
    "swb": "1.0.0",
    "vector": "0.1.2",
    "sha2": "0.0.2",
    "stableheapbtreemap": "1.3.0",
    "matchers": "https://github.com/kritzcreek/motoko-matchers#v1.3.0",
    "certified-http": "0.1.6",
    "ic-certification": "0.1.1",
    "sha256": "https://github.com/enzoh/motoko-sha#9e2468f51ef060ae04fde8d573183191bda30189",
    "cbor": "https://github.com/gekctek/motoko_cbor#v1.0.1",
    "xtended-numbers": "https://github.com/edjcase/motoko_numbers#v1.0.2",
    "sha224": "https://github.com/flyq/motoko-sha224#82e0aa1a77a8c0a2f98332b59ffc242d820e62cb",
    "http-parser": "0.1.0",
    "array": "https://github.com/aviate-labs/array.mo#master",
    "base-0.7.3": "https://github.com/dfinity/motoko-base#aafcdee0c8328087aeed506e64aa2ff4ed329b47",
    "encoding": "https://github.com/aviate-labs/encoding.mo#master",
    "rxmo": "0.3.0"
  },
  "hashes": {
    "base@0.12.1": {
      "base@0.12.1/mops.toml": "118b3be79becd448f8e448734d8319c162f2de3ab86995fa7fe40afce207f145",
      "base@0.12.1/NOTICE": "3960a8d25fa5fc909325817b08b36c1146970930ca15b6352f8ea6db803cab47",
      "base@0.12.1/src/Blob.mo": "9d4b10667080778bca66cb534f1e0a1477e5247a970170f4ba19e7c58cc4939d",
      "base@0.12.1/README.md": "f45244a47229456939321014b550e3360b4f8c4d0fd60aa60bbba7e9eacbc8de",
      "base@0.12.1/src/AssocList.mo": "07a92db12c36ba96baf3fb45ac76662407ca5d6cee7aedb01fa8ed6d9ee98cf4",
      "base@0.12.1/LICENSE": "166bd8e8cf7790087d1fd18a9fa4d060cc0d0b3e5ab30689aa5f3a59a93386bf",
      "base@0.12.1/src/Array.mo": "b8b182ec7522daf79160a00e34a7ea558369c32c2b67a6ed339fa2e56ce60835",
      "base@0.12.1/src/Char.mo": "dc34cfe3482b92134e5604629377b4236367f2f31d8a82b81084ca5cadf31c2e",
      "base@0.12.1/src/Bool.mo": "65faf01dc6e3609ed2f729b813811506951adcce71c081fc6edcdbae4c8b1169",
      "base@0.12.1/src/CertifiedData.mo": "51a205989529f6b4fe788f78be0de2da1cb96f6532aac8accccbf4421cce3d06",
      "base@0.12.1/src/Buffer.mo": "7ad75dec25ea37e964c536d6bb86ed90cc48047feedb57c9ded359bea49045f7",
      "base@0.12.1/src/Debug.mo": "3bc1b92c7e849ae09bd5bc43397d625c07ce80d1089cfe12cde6e6fee6a6ab7b",
      "base@0.12.1/src/Deque.mo": "39da68fb8f19fb497aa3db769ffe2cb740cab54e6d82264052de505edac9b17b",
      "base@0.12.1/src/Error.mo": "988e300efcdf69d08338a506b47da2536a376187542a731dcc83b427c711a23d",
      "base@0.12.1/src/ExperimentalCycles.mo": "914a997e981431b104ec8ef6c263908738ce88a3858d93cff7d1b3290cd6b68f",
      "base@0.12.1/src/ExperimentalStableMemory.mo": "70330ae4d113e15d1d211c8ea229bc0a6fc6c014f5fece58aea0de90c82e4fff",
      "base@0.12.1/src/ExperimentalInternetComputer.mo": "4aa908a6d33be0b0ee053056890c10dfc040df327283087e7c2a923ab19b6ca9",
      "base@0.12.1/src/HashMap.mo": "639c3377687ef59c22ac8df7ef5b26cf6c9689a356ea1ac9fbe215819db59adf",
      "base@0.12.1/src/Func.mo": "bea8bcb92707a255814e0a7d79c238e490860c38001438612948704027f05bec",
      "base@0.12.1/src/Float.mo": "499f0b2e4b3b1bd4322eaa6aa34ed3a99b31f837c6b032e5000e2f574bffa908",
      "base@0.12.1/src/Hash.mo": "99d7add2ed6e82cf482593ac85edd231d507ef542608cd42fec1cc6d764906e9",
      "base@0.12.1/src/Heap.mo": "517b746ca16d80b9b7cf3fc6c2883854d4cb240bd494a888fb65ac02441f769b",
      "base@0.12.1/src/Int.mo": "3dc2fe075ca553d92cb8178f3216a591233376ffb591d42a8f08bd86c7b5cea6",
      "base@0.12.1/src/Int16.mo": "586617af6cef687bd05cd29cd0c785b366ad5ad2b871151f909de76671b755c3",
      "base@0.12.1/src/Int32.mo": "bcb4775ef68e0b2b5b872771abcda8eaef4e0a126562b0877e91b3a1ebaaffd6",
      "base@0.12.1/src/Int64.mo": "7cfa15c6a8b777fb5f67e841da3d0960a5ef43c66d46acdf354e8a7dfac57d2d",
      "base@0.12.1/src/IterType.mo": "1b6361f1b7ee81d1974719c8464c8c574aaee992c37c3c7b6c39f107a58af01c",
      "base@0.12.1/src/Int8.mo": "dfdaf280fe2a1b7524cf82116ccdeea5c70cb27046b8addd3c3d9f387b17f594",
      "base@0.12.1/src/Iter.mo": "140291f243dfcfdbedb54a264cce76b7481eeb8767224a41fa9951beaf067b67",
      "base@0.12.1/src/List.mo": "d13e77eb05b4edcca55e7cc5ee7ce5018c5a137a7a67708e8eb54967c38673fb",
      "base@0.12.1/src/Nat.mo": "d2d24f2b42365b3a54c8bb3cf467b94d1ec7f3271a7d0f671986c04a39a8b844",
      "base@0.12.1/src/Nat16.mo": "42483fe26ec90fcfc5d90e82df945ea128d10145dada4ee8f68ee85e62f17841",
      "base@0.12.1/src/Nat32.mo": "7919cf0598707ae3628d70caa3bb44c04e3bd940752b85481f4f071cde89b66a",
      "base@0.12.1/src/Nat64.mo": "dce2861f9674d6301fb2b98475460e85b3d245537c52e3c7a90fac257e5c96f0",
      "base@0.12.1/src/Nat8.mo": "b9266d0b5e284288beeca990963cb7a8c9492d69771c656d0501507a613802ba",
      "base@0.12.1/src/None.mo": "b204a4964519117e6fa8ee82da5653376988cf618fc397205dfc8ea58f60d2d1",
      "base@0.12.1/src/Option.mo": "72c9ddc183b6248375e0f96efd33881a130a465f97e6a3a553ffe8f16bb5fba7",
      "base@0.12.1/src/Order.mo": "d8c76128271612469d052520f10af726556df78688729f9856b62ea292e0f43f",
      "base@0.12.1/src/Prelude.mo": "7b4ea84cb683203c68d6135b524ca5587a1b23436d6733e0aaf723d36be4aa85",
      "base@0.12.1/src/Principal.mo": "5e50eba952b7de62450264a2ece0af6edadd0b6dd4c8cfd2e432ca66022f70ab",
      "base@0.12.1/src/RBTree.mo": "fe2f775b84552e97ab4749b48d8aff6da675c8541b927f697055f34eb4decd2c",
      "base@0.12.1/src/Random.mo": "15f6fd50d10a9eb401c3f18f19874fb334fec309e94499a46a0a876037dca266",
      "base@0.12.1/src/Region.mo": "6ca3019aed15ad442a3a794000ac245b2bcbd846033966e446dc1a29986dbf0b",
      "base@0.12.1/src/Result.mo": "4aa00198ee36ea3b60519f9c350e1c17b14b6ffa005b6d4edcff36a0a206f3af",
      "base@0.12.1/src/Stack.mo": "4b2681e9ed562b02840b7a46b58e66b695a725f31b94f6c9952e95e81b703b84",
      "base@0.12.1/src/Text.mo": "08c5c0328da359144a6d50552b5c3ca9ccb63c6b859e2b2403abbfd112e09708",
      "base@0.12.1/src/Time.mo": "4e2a6126d0a2b0b862735adbde93620a70cb388af25a87c7b853650abd0743ab",
      "base@0.12.1/src/Timer.mo": "6d1c5203670163e689484231c1c34add09938621f9f21ce1390d0d8c4e3ec31d",
      "base@0.12.1/src/Trie.mo": "63c0fbe6d48808630c7edf51d66140b8b2a43a734e425ab854234126e242cb07",
      "base@0.12.1/src/TrieMap.mo": "6d69d887006cd1dff09331473f258141bccb251a04a3a8221b65720a4bf237ac",
      "base@0.12.1/src/TrieSet.mo": "29b3314f43fad714fc7b68cc3b0dde00a7d8b02b6431afd7fe12304dc14f9612"
    },
    "swb@1.0.0": {
      "swb@1.0.0/LICENSE": "c71d239df91726fc519c6eb72d318ec65820627232b2f796219e87dcf35d0ab4",
      "swb@1.0.0/README.md": "2a440bbd486c35a6f4bcbb5ff0a8dd6e38a064c449d1da784a5073d957fac266",
      "swb@1.0.0/mops.toml": "70ee86eca58bf712e61083df746349fefa40c8466b286b9b8ca5141d8d2c6b1a",
      "swb@1.0.0/src/lib.mo": "cfb6d79ff2617eef4ef3119e9b7e3b336cd81d00b09d73ac2c34184197934b5c"
    },
    "vector@0.1.2": {
      "vector@0.1.2/LICENSE": "c71d239df91726fc519c6eb72d318ec65820627232b2f796219e87dcf35d0ab4",
      "vector@0.1.2/README.md": "a0a952bebcb26e5b3c13c81be0d132e4b204d5f6d336d4164ae2a664ae239d8f",
      "vector@0.1.2/mops.toml": "4316a6b90de2ea21b5e099b93517161ce822a2a1cce90cb6fc71c8287b805595",
      "vector@0.1.2/src/Class.mo": "524294ace600993dc0a019f9be4c9c7462d3d55e77eb1b97b715fa6fc18761c6",
      "vector@0.1.2/src/lib.mo": "d85f53d96426f396841ae5cdb81107f5afd1d802a192c6570153a3e195966863"
    },
    "sha2@0.0.2": {
      "sha2@0.0.2/LICENSE": "c71d239df91726fc519c6eb72d318ec65820627232b2f796219e87dcf35d0ab4",
      "sha2@0.0.2/README.md": "e22225d0b55296bf5420cf629a6e2101863b50bd97f33a1b4826b2503c1edd6c",
      "sha2@0.0.2/src/Sha512.mo": "7b7807cabf231774511382718da9be5e4129906b231f48ab689050d687c1eb97",
      "sha2@0.0.2/src/Sha256.mo": "36a68012d5a6efc15dc226e52920c8b5f689398ee2933e36d8db084c3f8b6088",
      "sha2@0.0.2/mops.toml": "0283b3a0f38d8fa1274f997fb51bb8248c2c51adde46e8febd9e9f4ead090de5"
    },
    "stableheapbtreemap@1.3.0": {
      "stableheapbtreemap@1.3.0/src/Check.mo": "c9a3189ba0669abf69c83c2ab525f5cc9312df5ec1bfbcaad7812b0d958301bc",
      "stableheapbtreemap@1.3.0/mops.toml": "afaa0ea7be24232400a88c9b063caf36281873d311b48a5451d3ca0bfa707f07",
      "stableheapbtreemap@1.3.0/LICENSE": "a70773cd5e9aa630d0a333a272e0fc5a54c72e6701ded2395417b09d94265e18",
      "stableheapbtreemap@1.3.0/src/BTree.mo": "fadabbc13c452ac128335055faf40e9bdf8eb1b7cab774ff18bda5062cb92aab",
      "stableheapbtreemap@1.3.0/src/BinarySearch.mo": "473324dc4ee661ae082d6945048e055d27072ea81da938369cba1d06b1d0352d",
      "stableheapbtreemap@1.3.0/README.md": "c6fcb2dac3fac8f0302048a1c18df447a61ced349cf74d6626aba350fa8c5cc2",
      "stableheapbtreemap@1.3.0/src/ArrayUtil.mo": "8c79ab4cb596dfe9a0c5d560daabc4d5d8ea895e6e44248bd787de911549635b",
      "stableheapbtreemap@1.3.0/src/Types.mo": "d99c0bcb0fc6ed687e98cad7e17e605834de9981fa49e0df8e54810a0a2c8139",
      "stableheapbtreemap@1.3.0/src/NodeUtil.mo": "1ab779e112b84093d62fa9e159b9b7727a667656f00be6c3a2938c699a78b1dc",
      "stableheapbtreemap@1.3.0/performance_testing/src/btree.mo": "d305dbcc35f436361f3d42a2d3456bfa31a1ba01e9fb4b85df3b86df3b7e6328"
    },
    "certified-http@0.1.6": {
      "certified-http@0.1.6/src/lib.mo": "348389f7bd27750113873f864ad83e0b80d1bb8fd7fad9e561d9500df2edeba1",
      "certified-http@0.1.6/src/demo.mo": "d2de3332a0dfb397a3ddcfe5bea7e8db7c734e8c159de4ed84085e56b7855694",
      "certified-http@0.1.6/mops.toml": "cdc6d23d601b78ab26b6ccebf19955a0720c66c5e3d92e71c29236f6a5e04270",
      "certified-http@0.1.6/src/Http.mo": "a06df150ae5f64bbcd705ece2e2b3d4d8e981810f5e0303961fade67e8d1009c",
      "certified-http@0.1.6/README.md": "598a766c1ca2bfc7892d35cae9484b8fd1c3b0aefef76203634fbd59c81af982",
      "certified-http@0.1.6/src/test.mo": "07eaa92f0bf6e895a81b1625508e63210acd6472805a161be7d70e404fbdfe76"
    },
    "ic-certification@0.1.1": {
      "ic-certification@0.1.1/README.md": "fd6f2387ab47db00735360f873b28709e83da3c6922f65c1620a89a47fb62229",
      "ic-certification@0.1.1/tmp.mo": "d059735d9947c31d5babe556a2e4990969564f1e5d9356d66b1d6931f7907b87",
      "ic-certification@0.1.1/demo/ManagementCanister.mo": "51b2a7d1fe68a9dbeb65d8bcdc0c6c0d93cc7babea6c5ceacb70b02cfca0d897",
      "ic-certification@0.1.1/src/CanisterSigs.mo": "4f626f89b8f6a20b849fc3f94b4f9d9a41f2c36c063217e0d2c2d936c870f7ae",
      "ic-certification@0.1.1/src/CertTree.mo": "a2afeb4bbf13e08b78a17f5f6245a79a9f99e8ebaae8dc483f3ea336c2be2c6a",
      "ic-certification@0.1.1/mops.toml": "235008db7089d572a91821e88768176fbab2f58f60b1406d886723ac5114909a",
      "ic-certification@0.1.1/LICENSE": "c71d239df91726fc519c6eb72d318ec65820627232b2f796219e87dcf35d0ab4",
      "ic-certification@0.1.1/demo/main.mo": "cfdc5dd9f1ef1803dfb68a1c249bf41513b97be7bfb29d00c6def6f2038fc6b5",
      "ic-certification@0.1.1/src/Dyadic.mo": "d03fdcc331aa8c8f969c3f4e38ea0ec0e11f59a3a337dbcbad69f1cfac332b81",
      "ic-certification@0.1.1/src/MerkleTree.mo": "b5c1b89cc206b0318e06e4684cd312930ec739aff7cd5f38cebdfc05b715cdc4",
      "ic-certification@0.1.1/src/ReqData.mo": "b4c882946c17caaecd954deb858097ed9679ccffc5758253fcf3500197aca7e9"
    },
    "http-parser@0.1.0": {
      "http-parser@0.1.0/mops.toml": "f7e0fcb83d06768bd897c0a5a9b3aafae669d8abc7f41a7cc8135cf3fd8e575b",
      "http-parser@0.1.0/README.md": "92e43712f846bbd41764f8aab1dff66dc8f4b104ee345206dfe8bd5e5ecb05fc",
      "http-parser@0.1.0/src/form-data.mo": "53406b8e74b78bb1d612a7ccb47879529358e629da62dd9f2e422beeaf8f3593",
      "http-parser@0.1.0/src/Types.mo": "7e54ac63bb7ff334bf83bc3642ec83ed98c5241c4a7332f76711f880112c9b20",
      "http-parser@0.1.0/src/lib.mo": "2d8e1f4ae4dc20fc58d0df8c854fed5a4181b4a0087ed2c960730cbcbc3978e0",
      "http-parser@0.1.0/LICENSE": "e51904860d626bf775bbd9fb90befdf628fbf6d6334b5c874856edf09c089e51",
      "http-parser@0.1.0/src/Utils.mo": "8cc6b2ad88325025301ef3e2fc9475d48bf2e7051b9ff5fed1f18f15ae664e5f",
      "http-parser@0.1.0/src/MultiValueMap.mo": "1cf677960b60f6306fe1102829d6f53ae42a29556e20f1e07a6eed4aef73de09",
      "http-parser@0.1.0/tests/Test.mo": "ad3cac78a6db2f6779af14c455b0d721b15c74704347529b9a6e20ee87824a0e",
      "http-parser@0.1.0/example/src/main.mo": "cb9d155ae323c1cbbce66d8d1b18903e41717c86d6d8f7ad70f8a03bcd4c92e3",
      "http-parser@0.1.0/tests/utils/ActorSpec.mo": "7b56d201ac4daef6eee6efb05fd468ecb2512c5b035d64347c6bc3aacfb16aab"
    },
    "rxmo@0.3.0": {
      "rxmo@0.3.0/mops.toml": "2695e7d0887298b251200641c7ed74dbbae2171ba51c79fc6c0214d1a5edd9c3",
      "rxmo@0.3.0/src/lib.mo": "19beaf0531a5f1bbd33969c310cedf410bf42e2a027434fb423edf15e306123b",
      "rxmo@0.3.0/README.md": "1865ace4d4eb61a1c6a2aba7d3bc5f7915982273cd9bde80df444dc241b8d9d6"
    }
  }
}